
Microsoft Visual Studio Solution File, Format Version 12.00
# Visual Studio 14
VisualStudioVersion = 14.0.25420.1
MinimumVisualStudioVersion = 10.0.40219.1
Project("{FAE04EC0-301F-11D3-BF4B-00C04F79EFBC}") = "LDP.ROOT", "LDP.ROOT.csproj", "{73DEB89B-F798-43F4-B417-C4A5BC6E51F6}"
EndProject
Project("{FAE04EC0-301F-11D3-BF4B-00C04F79EFBC}") = "LDP.Data", "..\LDP.Data\LDP.Data.csproj", "{BCF8EC49-4CAA-4269-8D00-096833156AE4}"
EndProject
Project("{FAE04EC0-301F-11D3-BF4B-00C04F79EFBC}") = "LDP.Lib", "..\LDP.Lib\LDP.Lib.csproj", "{8AFBDD6E-9BC0-40AA-9C7D-6CF5DF25AD01}"
EndProject
Global
	GlobalSection(SolutionConfigurationPlatforms) = preSolution
		Debug|Any CPU = Debug|Any CPU
		Release|Any CPU = Release|Any CPU
	EndGlobalSection
	GlobalSection(ProjectConfigurationPlatforms) = postSolution
		{73DEB89B-F798-43F4-B417-C4A5BC6E51F6}.Debug|Any CPU.ActiveCfg = Debug|Any CPU
		{73DEB89B-F798-43F4-B417-C4A5BC6E51F6}.Debug|Any CPU.Build.0 = Debug|Any CPU
		{73DEB89B-F798-43F4-B417-C4A5BC6E51F6}.Release|Any CPU.ActiveCfg = Release|Any CPU
		{73DEB89B-F798-43F4-B417-C4A5BC6E51F6}.Release|Any CPU.Build.0 = Release|Any CPU
		{BCF8EC49-4CAA-4269-8D00-096833156AE4}.Debug|Any CPU.ActiveCfg = Debug|Any CPU
		{BCF8EC49-4CAA-4269-8D00-096833156AE4}.Debug|Any CPU.Build.0 = Debug|Any CPU
		{BCF8EC49-4CAA-4269-8D00-096833156AE4}.Release|Any CPU.ActiveCfg = Release|Any CPU
		{BCF8EC49-4CAA-4269-8D00-096833156AE4}.Release|Any CPU.Build.0 = Release|Any CPU
		{8AFBDD6E-9BC0-40AA-9C7D-6CF5DF25AD01}.Debug|Any CPU.ActiveCfg = Debug|Any CPU
		{8AFBDD6E-9BC0-40AA-9C7D-6CF5DF25AD01}.Debug|Any CPU.Build.0 = Debug|Any CPU
		{8AFBDD6E-9BC0-40AA-9C7D-6CF5DF25AD01}.Release|Any CPU.ActiveCfg = Release|Any CPU
		{8AFBDD6E-9BC0-40AA-9C7D-6CF5DF25AD01}.Release|Any CPU.Build.0 = Release|Any CPU
	EndGlobalSection
	GlobalSection(SolutionProperties) = preSolution
		HideSolutionNode = FALSE
	EndGlobalSection
EndGlobal
